
Microsoft Visual Studio Solution File, Format Version 12.00
# Visual Studio Version 16
VisualStudioVersion = 16.0.30225.117
MinimumVisualStudioVersion = 10.0.40219.1
Project("{FAE04EC0-301F-11D3-BF4B-00C04F79EFBC}") = "HelloWorld.API.DotNetFramework472", "HelloWorld.API.DotNetFramework472\HelloWorld.API.DotNetFramework472.csproj", "{71B69995-4116-480C-93E7-EEB3934B2B79}"
EndProject
Project("{FAE04EC0-301F-11D3-BF4B-00C04F79EFBC}") = "HelloWorld.API.Tests.DotNetFramework472", "HelloWorld.API.Tests.DotNetFramework472\HelloWorld.API.Tests.DotNetFramework472.csproj", "{D7A48862-9242-42B3-941C-5EF0B803EEA0}"
EndProject
Global
	GlobalSection(SolutionConfigurationPlatforms) = preSolution
		Debug|Any CPU = Debug|Any CPU
		Release|Any CPU = Release|Any CPU
	EndGlobalSection
	GlobalSection(ProjectConfigurationPlatforms) = postSolution
		{71B69995-4116-480C-93E7-EEB3934B2B79}.Debug|Any CPU.ActiveCfg = Debug|Any CPU
		{71B69995-4116-480C-93E7-EEB3934B2B79}.Debug|Any CPU.Build.0 = Debug|Any CPU
		{71B69995-4116-480C-93E7-EEB3934B2B79}.Release|Any CPU.ActiveCfg = Release|Any CPU
		{71B69995-4116-480C-93E7-EEB3934B2B79}.Release|Any CPU.Build.0 = Release|Any CPU
		{D7A48862-9242-42B3-941C-5EF0B803EEA0}.Debug|Any CPU.ActiveCfg = Debug|Any CPU
		{D7A48862-9242-42B3-941C-5EF0B803EEA0}.Debug|Any CPU.Build.0 = Debug|Any CPU
		{D7A48862-9242-42B3-941C-5EF0B803EEA0}.Release|Any CPU.ActiveCfg = Release|Any CPU
		{D7A48862-9242-42B3-941C-5EF0B803EEA0}.Release|Any CPU.Build.0 = Release|Any CPU
	EndGlobalSection
	GlobalSection(SolutionProperties) = preSolution
		HideSolutionNode = FALSE
	EndGlobalSection
	GlobalSection(ExtensibilityGlobals) = postSolution
		SolutionGuid = {2FFB1F5D-4C94-4B5B-BDBA-B6C079891E5A}
	EndGlobalSection
EndGlobal
